{
  "name": "vuesample",
  "version": "1.0.0",
  "lockfileVersion": 2,
  "requires": true,
  "packages": {
    "": {
      "version": "1.0.0",
      "license": "ISC",
      "dependencies": {
        "vue-kinesis": "^1.2.3"
      }
    },
    "node_modules/vue": {
      "version": "2.6.12",
      "resolved": "https://registry.npmjs.org/vue/-/vue-2.6.12.tgz",
      "integrity": "sha512-uhmLFETqPPNyuLLbsKz6ioJ4q7AZHzD8ZVFNATNyICSZouqP2Sz0rotWQC8UNBF6VGSCs5abnKJoStA6JbCbfg==",
      "peer": true
    },
    "node_modules/vue-kinesis": {
      "version": "1.2.3",
      "resolved": "https://registry.npmjs.org/vue-kinesis/-/vue-kinesis-1.2.3.tgz",
      "integrity": "sha512-/9pCCPRpaHnIyvvkBsCpAB5n1YKlJZV2u7bf1L1uPt/DlNRMfzzwoL0c9XAIPTV6fw7mnq+v7pOvfKprLjQCGw==",
      "engines": {
        "node": ">=10"
      },
      "peerDependencies": {
        "vue": "^2.6.11"
      }
    }
  },
  "dependencies": {
    "vue": {
      "version": "2.6.12",
      "resolved": "https://registry.npmjs.org/vue/-/vue-2.6.12.tgz",
      "integrity": "sha512-uhmLFETqPPNyuLLbsKz6ioJ4q7AZHzD8ZVFNATNyICSZouqP2Sz0rotWQC8UNBF6VGSCs5abnKJoStA6JbCbfg==",
      "peer": true
    },
    "vue-kinesis": {
      "version": "1.2.3",
      "resolved": "https://registry.npmjs.org/vue-kinesis/-/vue-kinesis-1.2.3.tgz",
      "integrity": "sha512-/9pCCPRpaHnIyvvkBsCpAB5n1YKlJZV2u7bf1L1uPt/DlNRMfzzwoL0c9XAIPTV6fw7mnq+v7pOvfKprLjQCGw==",
      "requires": {}
    }
  }
}
